
Microsoft Visual Studio Solution File, Format Version 12.00
# Visual Studio Version 17
VisualStudioVersion = 17.1.32319.34
MinimumVisualStudioVersion = 10.0.40219.1
Project("{FAE04EC0-301F-11D3-BF4B-00C04F79EFBC}") = "SignalRChat", "SignalRChat\SignalRChat.csproj", "{B1A5DAAE-0E23-43AE-8227-0B7BA81A5768}"
EndProject
Global
	GlobalSection(SolutionConfigurationPlatforms) = preSolution
		Debug|Any CPU = Debug|Any CPU
		Release|Any CPU = Release|Any CPU
	EndGlobalSection
	GlobalSection(ProjectConfigurationPlatforms) = postSolution
		{B1A5DAAE-0E23-43AE-8227-0B7BA81A5768}.Debug|Any CPU.ActiveCfg = Debug|Any CPU
		{B1A5DAAE-0E23-43AE-8227-0B7BA81A5768}.Debug|Any CPU.Build.0 = Debug|Any CPU
		{B1A5DAAE-0E23-43AE-8227-0B7BA81A5768}.Release|Any CPU.ActiveCfg = Release|Any CPU
		{B1A5DAAE-0E23-43AE-8227-0B7BA81A5768}.Release|Any CPU.Build.0 = Release|Any CPU
	EndGlobalSection
	GlobalSection(SolutionProperties) = preSolution
		HideSolutionNode = FALSE
	EndGlobalSection
	GlobalSection(ExtensibilityGlobals) = postSolution
		SolutionGuid = {219A7D76-BC7C-4F5F-8FB6-3999AF3637E8}
	EndGlobalSection
EndGlobal
